
Microsoft Visual Studio Solution File, Format Version 12.00
# Visual Studio Version 16
VisualStudioVersion = 16.0.31025.218
MinimumVisualStudioVersion = 10.0.40219.1
Project("{9A19103F-16F7-4668-BE54-9A1E7A4F7556}") = "My Game", "My Game.csproj", "{31ABC795-DC1A-400D-8A87-DE5E2EDBF71D}"
EndProject
Project("{2150E333-8FDC-42A3-9474-1A3956D46DE8}") = "Solution Items", "Solution Items", "{734FE3A7-6192-4441-95F5-CF222C4DE447}"
	ProjectSection(SolutionItems) = preProject
		.gitignore = .gitignore
		godot.log = godot.log
		project.godot = project.godot
		README.md = README.md
	EndProjectSection
EndProject
Global
	GlobalSection(SolutionConfigurationPlatforms) = preSolution
		Debug|Any CPU = Debug|Any CPU
		ExportDebug|Any CPU = ExportDebug|Any CPU
		ExportRelease|Any CPU = ExportRelease|Any CPU
	EndGlobalSection
	GlobalSection(ProjectConfigurationPlatforms) = postSolution
		{31ABC795-DC1A-400D-8A87-DE5E2EDBF71D}.Debug|Any CPU.ActiveCfg = Debug|Any CPU
		{31ABC795-DC1A-400D-8A87-DE5E2EDBF71D}.Debug|Any CPU.Build.0 = Debug|Any CPU
		{31ABC795-DC1A-400D-8A87-DE5E2EDBF71D}.ExportDebug|Any CPU.ActiveCfg = ExportDebug|Any CPU
		{31ABC795-DC1A-400D-8A87-DE5E2EDBF71D}.ExportDebug|Any CPU.Build.0 = ExportDebug|Any CPU
		{31ABC795-DC1A-400D-8A87-DE5E2EDBF71D}.ExportRelease|Any CPU.ActiveCfg = ExportRelease|Any CPU
		{31ABC795-DC1A-400D-8A87-DE5E2EDBF71D}.ExportRelease|Any CPU.Build.0 = ExportRelease|Any CPU
	EndGlobalSection
	GlobalSection(SolutionProperties) = preSolution
		HideSolutionNode = FALSE
	EndGlobalSection
	GlobalSection(ExtensibilityGlobals) = postSolution
		SolutionGuid = {2363E612-EAC4-4138-9E08-5A8BB18B6E8F}
	EndGlobalSection
EndGlobal
